
Microsoft Visual Studio Solution File, Format Version 12.00
# Visual Studio Version 17
VisualStudioVersion = 17.0.31903.59
MinimumVisualStudioVersion = 10.0.40219.1
Project("{2150E333-8FDC-42A3-9474-1A3956D46DE8}") = "src", "src", "{827E0CD3-B72D-47B6-A68D-7590B98EB39B}"
EndProject
Project("{FAE04EC0-301F-11D3-BF4B-00C04F79EFBC}") = "TukangSayurOnline.Api", "src\TukangSayurOnline.Api\TukangSayurOnline.Api.csproj", "{BA975877-5116-4144-ACC9-8962281C61DA}"
EndProject
Project("{FAE04EC0-301F-11D3-BF4B-00C04F79EFBC}") = "TukangSayurOnline.Mobile", "src\TukangSayurOnline.Mobile\TukangSayurOnline.Mobile.csproj", "{F8ADC96B-00D0-44C4-B204-043DC479A31F}"
EndProject
Project("{FAE04EC0-301F-11D3-BF4B-00C04F79EFBC}") = "TukangSayurOnline.Shared", "src\TukangSayurOnline.Shared\TukangSayurOnline.Shared.csproj", "{9F6B5BEE-3ADA-48DA-B77E-9C810D652E80}"
EndProject
Project("{FAE04EC0-301F-11D3-BF4B-00C04F79EFBC}") = "TukangSayurOnline.Web", "src\TukangSayurOnline.Web\TukangSayurOnline.Web.csproj", "{7D03A3F0-F80A-4995-9952-449BEFDC7720}"
EndProject
Global
	GlobalSection(SolutionConfigurationPlatforms) = preSolution
		Debug|Any CPU = Debug|Any CPU
		Debug|x64 = Debug|x64
		Debug|x86 = Debug|x86
		Release|Any CPU = Release|Any CPU
		Release|x64 = Release|x64
		Release|x86 = Release|x86
	EndGlobalSection
	GlobalSection(ProjectConfigurationPlatforms) = postSolution
		{BA975877-5116-4144-ACC9-8962281C61DA}.Debug|Any CPU.ActiveCfg = Debug|Any CPU
		{BA975877-5116-4144-ACC9-8962281C61DA}.Debug|Any CPU.Build.0 = Debug|Any CPU
		{BA975877-5116-4144-ACC9-8962281C61DA}.Debug|x64.ActiveCfg = Debug|Any CPU
		{BA975877-5116-4144-ACC9-8962281C61DA}.Debug|x64.Build.0 = Debug|Any CPU
		{BA975877-5116-4144-ACC9-8962281C61DA}.Debug|x86.ActiveCfg = Debug|Any CPU
		{BA975877-5116-4144-ACC9-8962281C61DA}.Debug|x86.Build.0 = Debug|Any CPU
		{BA975877-5116-4144-ACC9-8962281C61DA}.Release|Any CPU.ActiveCfg = Release|Any CPU
		{BA975877-5116-4144-ACC9-8962281C61DA}.Release|Any CPU.Build.0 = Release|Any CPU
		{BA975877-5116-4144-ACC9-8962281C61DA}.Release|x64.ActiveCfg = Release|Any CPU
		{BA975877-5116-4144-ACC9-8962281C61DA}.Release|x64.Build.0 = Release|Any CPU
		{BA975877-5116-4144-ACC9-8962281C61DA}.Release|x86.ActiveCfg = Release|Any CPU
		{BA975877-5116-4144-ACC9-8962281C61DA}.Release|x86.Build.0 = Release|Any CPU
		{F8ADC96B-00D0-44C4-B204-043DC479A31F}.Debug|Any CPU.ActiveCfg = Debug|Any CPU
		{F8ADC96B-00D0-44C4-B204-043DC479A31F}.Debug|Any CPU.Build.0 = Debug|Any CPU
		{F8ADC96B-00D0-44C4-B204-043DC479A31F}.Debug|x64.ActiveCfg = Debug|Any CPU
		{F8ADC96B-00D0-44C4-B204-043DC479A31F}.Debug|x64.Build.0 = Debug|Any CPU
		{F8ADC96B-00D0-44C4-B204-043DC479A31F}.Debug|x86.ActiveCfg = Debug|Any CPU
		{F8ADC96B-00D0-44C4-B204-043DC479A31F}.Debug|x86.Build.0 = Debug|Any CPU
		{F8ADC96B-00D0-44C4-B204-043DC479A31F}.Release|Any CPU.ActiveCfg = Release|Any CPU
		{F8ADC96B-00D0-44C4-B204-043DC479A31F}.Release|Any CPU.Build.0 = Release|Any CPU
		{F8ADC96B-00D0-44C4-B204-043DC479A31F}.Release|x64.ActiveCfg = Release|Any CPU
		{F8ADC96B-00D0-44C4-B204-043DC479A31F}.Release|x64.Build.0 = Release|Any CPU
		{F8ADC96B-00D0-44C4-B204-043DC479A31F}.Release|x86.ActiveCfg = Release|Any CPU
		{F8ADC96B-00D0-44C4-B204-043DC479A31F}.Release|x86.Build.0 = Release|Any CPU
		{9F6B5BEE-3ADA-48DA-B77E-9C810D652E80}.Debug|Any CPU.ActiveCfg = Debug|Any CPU
		{9F6B5BEE-3ADA-48DA-B77E-9C810D652E80}.Debug|Any CPU.Build.0 = Debug|Any CPU
		{9F6B5BEE-3ADA-48DA-B77E-9C810D652E80}.Debug|x64.ActiveCfg = Debug|Any CPU
		{9F6B5BEE-3ADA-48DA-B77E-9C810D652E80}.Debug|x64.Build.0 = Debug|Any CPU
		{9F6B5BEE-3ADA-48DA-B77E-9C810D652E80}.Debug|x86.ActiveCfg = Debug|Any CPU
		{9F6B5BEE-3ADA-48DA-B77E-9C810D652E80}.Debug|x86.Build.0 = Debug|Any CPU
		{9F6B5BEE-3ADA-48DA-B77E-9C810D652E80}.Release|Any CPU.ActiveCfg = Release|Any CPU
		{9F6B5BEE-3ADA-48DA-B77E-9C810D652E80}.Release|Any CPU.Build.0 = Release|Any CPU
		{9F6B5BEE-3ADA-48DA-B77E-9C810D652E80}.Release|x64.ActiveCfg = Release|Any CPU
		{9F6B5BEE-3ADA-48DA-B77E-9C810D652E80}.Release|x64.Build.0 = Release|Any CPU
		{9F6B5BEE-3ADA-48DA-B77E-9C810D652E80}.Release|x86.ActiveCfg = Release|Any CPU
		{9F6B5BEE-3ADA-48DA-B77E-9C810D652E80}.Release|x86.Build.0 = Release|Any CPU
		{7D03A3F0-F80A-4995-9952-449BEFDC7720}.Debug|Any CPU.ActiveCfg = Debug|Any CPU
		{7D03A3F0-F80A-4995-9952-449BEFDC7720}.Debug|Any CPU.Build.0 = Debug|Any CPU
		{7D03A3F0-F80A-4995-9952-449BEFDC7720}.Debug|x64.ActiveCfg = Debug|Any CPU
		{7D03A3F0-F80A-4995-9952-449BEFDC7720}.Debug|x64.Build.0 = Debug|Any CPU
		{7D03A3F0-F80A-4995-9952-449BEFDC7720}.Debug|x86.ActiveCfg = Debug|Any CPU
		{7D03A3F0-F80A-4995-9952-449BEFDC7720}.Debug|x86.Build.0 = Debug|Any CPU
		{7D03A3F0-F80A-4995-9952-449BEFDC7720}.Release|Any CPU.ActiveCfg = Release|Any CPU
		{7D03A3F0-F80A-4995-9952-449BEFDC7720}.Release|Any CPU.Build.0 = Release|Any CPU
		{7D03A3F0-F80A-4995-9952-449BEFDC7720}.Release|x64.ActiveCfg = Release|Any CPU
		{7D03A3F0-F80A-4995-9952-449BEFDC7720}.Release|x64.Build.0 = Release|Any CPU
		{7D03A3F0-F80A-4995-9952-449BEFDC7720}.Release|x86.ActiveCfg = Release|Any CPU
		{7D03A3F0-F80A-4995-9952-449BEFDC7720}.Release|x86.Build.0 = Release|Any CPU
	EndGlobalSection
	GlobalSection(SolutionProperties) = preSolution
		HideSolutionNode = FALSE
	EndGlobalSection
	GlobalSection(NestedProjects) = preSolution
		{BA975877-5116-4144-ACC9-8962281C61DA} = {827E0CD3-B72D-47B6-A68D-7590B98EB39B}
		{F8ADC96B-00D0-44C4-B204-043DC479A31F} = {827E0CD3-B72D-47B6-A68D-7590B98EB39B}
		{9F6B5BEE-3ADA-48DA-B77E-9C810D652E80} = {827E0CD3-B72D-47B6-A68D-7590B98EB39B}
		{7D03A3F0-F80A-4995-9952-449BEFDC7720} = {827E0CD3-B72D-47B6-A68D-7590B98EB39B}
	EndGlobalSection
EndGlobal
